
Microsoft Visual Studio Solution File, Format Version 12.00
# Visual Studio Version 17
VisualStudioVersion = 17.8.34330.188
MinimumVisualStudioVersion = 10.0.40219.1
Project("{F184B08F-C81C-45F6-A57F-5ABD9991F28F}") = "UTS PV", "UTS PV\UTS PV.vbproj", "{940593F0-E795-41C8-80D6-771BB876CC93}"
EndProject
Global
	GlobalSection(SolutionConfigurationPlatforms) = preSolution
		Debug|Any CPU = Debug|Any CPU
		Release|Any CPU = Release|Any CPU
	EndGlobalSection
	GlobalSection(ProjectConfigurationPlatforms) = postSolution
		{940593F0-E795-41C8-80D6-771BB876CC93}.Debug|Any CPU.ActiveCfg = Debug|Any CPU
		{940593F0-E795-41C8-80D6-771BB876CC93}.Debug|Any CPU.Build.0 = Debug|Any CPU
		{940593F0-E795-41C8-80D6-771BB876CC93}.Release|Any CPU.ActiveCfg = Release|Any CPU
		{940593F0-E795-41C8-80D6-771BB876CC93}.Release|Any CPU.Build.0 = Release|Any CPU
	EndGlobalSection
	GlobalSection(SolutionProperties) = preSolution
		HideSolutionNode = FALSE
	EndGlobalSection
	GlobalSection(ExtensibilityGlobals) = postSolution
		SolutionGuid = {9FF97079-BBE5-4A8D-979C-8CC1A6413039}
	EndGlobalSection
EndGlobal
